{
  "requires": true,
  "lockfileVersion": 1,
  "dependencies": {
    "bluebird": {
      "version": "3.7.1",
      "resolved": "https://registry.npmjs.org/bluebird/-/bluebird-3.7.1.tgz",
      "integrity": "sha512-DdmyoGCleJnkbp3nkbxTLJ18rjDsE4yCggEwKNXkeV123sPNfOCYeDoeuOY+F2FrSjO1YXcTU+dsy96KMy+gcg=="
    },
    "camel-case": {
      "version": "3.0.0",
      "resolved": "https://registry.npmjs.org/camel-case/-/camel-case-3.0.0.tgz",
      "integrity": "sha1-yjw2iKTpzzpM2nd9xNy8cTJJz3M=",
      "requires": {
        "no-case": "^2.2.0",
        "upper-case": "^1.1.1"
      }
    },
    "cross-spawn": {
      "version": "7.0.1",
      "resolved": "https://registry.npmjs.org/cross-spawn/-/cross-spawn-7.0.1.tgz",
      "integrity": "sha512-u7v4o84SwFpD32Z8IIcPZ6z1/ie24O6RU3RbtL5Y316l3KuHVPx9ItBgWQ6VlfAFnRnTtMUrsQ9MUUTuEZjogg==",
      "requires": {
        "path-key": "^3.1.0",
        "shebang-command": "^2.0.0",
        "which": "^2.0.1"
      }
    },
    "hexo-generator-json-content": {
      "version": "4.1.6",
      "resolved": "https://registry.npmjs.org/hexo-generator-json-content/-/hexo-generator-json-content-4.1.6.tgz",
      "integrity": "sha512-53NOlya3k54lOMt3++Mejc+IiZAC8He5mioCuMMvHar1uzjAX86laBP8ymnHvX1nKXkayNsTALZlHxIr+afu8w==",
      "requires": {
        "hexo-util": "^1.5.0",
        "keyword-extractor": "^0.0.18",
        "moment": "^2.24.0"
      }
    },
    "hexo-util": {
      "version": "1.5.0",
      "resolved": "https://registry.npmjs.org/hexo-util/-/hexo-util-1.5.0.tgz",
      "integrity": "sha512-AIDf3xnn4+E+2uiKh7Qk+sH6HH/CFME38Kvi4hqnMPks8BDACWvfXoMOK4mydGfjps96tsMwdLT5+AQx1xv6PQ==",
      "requires": {
        "bluebird": "^3.5.2",
        "camel-case": "^3.0.0",
        "cross-spawn": "^7.0.0",
        "highlight.js": "^9.13.1",
        "html-entities": "^1.2.1",
        "striptags": "^3.1.1"
      }
    },
    "highlight.js": {
      "version": "9.16.2",
      "resolved": "https://registry.npmjs.org/highlight.js/-/highlight.js-9.16.2.tgz",
      "integrity": "sha512-feMUrVLZvjy0oC7FVJQcSQRqbBq9kwqnYE4+Kj9ZjbHh3g+BisiPgF49NyQbVLNdrL/qqZr3Ca9yOKwgn2i/tw=="
    },
    "html-entities": {
      "version": "1.2.1",
      "resolved": "https://registry.npmjs.org/html-entities/-/html-entities-1.2.1.tgz",
      "integrity": "sha1-DfKTUfByEWNRXfueVUPl9u7VFi8="
    },
    "isexe": {
      "version": "2.0.0",
      "resolved": "https://registry.npmjs.org/isexe/-/isexe-2.0.0.tgz",
      "integrity": "sha1-6PvzdNxVb/iUehDcsFctYz8s+hA="
    },
    "keyword-extractor": {
      "version": "0.0.18",
      "resolved": "https://registry.npmjs.org/keyword-extractor/-/keyword-extractor-0.0.18.tgz",
      "integrity": "sha512-l7OzJBvJsO/6282WZeGaMWB55mKWMcUML1wgBbQ1QQ1DyXBjPJ494L0JyTpqg6F61F2QDFnOLEgfdb9JOAq5Tw==",
      "requires": {
        "underscore": "1.9.1",
        "underscore.string": "3.3.5"
      }
    },
    "lower-case": {
      "version": "1.1.4",
      "resolved": "https://registry.npmjs.org/lower-case/-/lower-case-1.1.4.tgz",
      "integrity": "sha1-miyr0bno4K6ZOkv31YdcOcQujqw="
    },
    "moment": {
      "version": "2.29.2",
      "resolved": "https://registry.npmjs.org/moment/-/moment-2.29.2.tgz",
      "integrity": "sha512-UgzG4rvxYpN15jgCmVJwac49h9ly9NurikMWGPdVxm8GZD6XjkKPxDTjQQ43gtGgnV3X0cAyWDdP2Wexoquifg=="
    },
    "no-case": {
      "version": "2.3.2",
      "resolved": "https://registry.npmjs.org/no-case/-/no-case-2.3.2.tgz",
      "integrity": "sha512-rmTZ9kz+f3rCvK2TD1Ue/oZlns7OGoIWP4fc3llxxRXlOkHKoWPPWJOfFYpITabSow43QJbRIoHQXtt10VldyQ==",
      "requires": {
        "lower-case": "^1.1.1"
      }
    },
    "path-key": {
      "version": "3.1.0",
      "resolved": "https://registry.npmjs.org/path-key/-/path-key-3.1.0.tgz",
      "integrity": "sha512-8cChqz0RP6SHJkMt48FW0A7+qUOn+OsnOsVtzI59tZ8m+5bCSk7hzwET0pulwOM2YMn9J1efb07KB9l9f30SGg=="
    },
    "shebang-command": {
      "version": "2.0.0",
      "resolved": "https://registry.npmjs.org/shebang-command/-/shebang-command-2.0.0.tgz",
      "integrity": "sha512-kHxr2zZpYtdmrN1qDjrrX/Z1rR1kG8Dx+gkpK1G4eXmvXswmcE1hTWBWYUzlraYw1/yZp6YuDY77YtvbN0dmDA==",
      "requires": {
        "shebang-regex": "^3.0.0"
      }
    },
    "shebang-regex": {
      "version": "3.0.0",
      "resolved": "https://registry.npmjs.org/shebang-regex/-/shebang-regex-3.0.0.tgz",
      "integrity": "sha512-7++dFhtcx3353uBaq8DDR4NuxBetBzC7ZQOhmTQInHEd6bSrXdiEyzCvG07Z44UYdLShWUyXt5M/yhz8ekcb1A=="
    },
    "sprintf-js": {
      "version": "1.1.2",
      "resolved": "https://registry.npmjs.org/sprintf-js/-/sprintf-js-1.1.2.tgz",
      "integrity": "sha512-VE0SOVEHCk7Qc8ulkWw3ntAzXuqf7S2lvwQaDLRnUeIEaKNQJzV6BwmLKhOqT61aGhfUMrXeaBk+oDGCzvhcug=="
    },
    "striptags": {
      "version": "3.1.1",
      "resolved": "https://registry.npmjs.org/striptags/-/striptags-3.1.1.tgz",
      "integrity": "sha1-yMPn/db7S7OjKjt1LltePjgJPr0="
    },
    "underscore": {
      "version": "1.9.1",
      "resolved": "https://registry.npmjs.org/underscore/-/underscore-1.9.1.tgz",
      "integrity": "sha512-5/4etnCkd9c8gwgowi5/om/mYO5ajCaOgdzj/oW+0eQV9WxKBDZw5+ycmKmeaTXjInS/W0BzpGLo2xR2aBwZdg=="
    },
    "underscore.string": {
      "version": "3.3.5",
      "resolved": "https://registry.npmjs.org/underscore.string/-/underscore.string-3.3.5.tgz",
      "integrity": "sha512-g+dpmgn+XBneLmXXo+sGlW5xQEt4ErkS3mgeN2GFbremYeMBSJKr9Wf2KJplQVaiPY/f7FN6atosWYNm9ovrYg==",
      "requires": {
        "sprintf-js": "^1.0.3",
        "util-deprecate": "^1.0.2"
      }
    },
    "upper-case": {
      "version": "1.1.3",
      "resolved": "https://registry.npmjs.org/upper-case/-/upper-case-1.1.3.tgz",
      "integrity": "sha1-9rRQHC7EzdJrp4vnIilh3ndiFZg="
    },
    "util-deprecate": {
      "version": "1.0.2",
      "resolved": "https://registry.npmjs.org/util-deprecate/-/util-deprecate-1.0.2.tgz",
      "integrity": "sha1-RQ1Nyfpw3nMnYvvS1KKJgUGaDM8="
    },
    "which": {
      "version": "2.0.1",
      "resolved": "https://registry.npmjs.org/which/-/which-2.0.1.tgz",
      "integrity": "sha512-N7GBZOTswtB9lkQBZA4+zAXrjEIWAUOB93AvzUiudRzRxhUdLURQ7D/gAIMY1gatT/LTbmbcv8SiYazy3eYB7w==",
      "requires": {
        "isexe": "^2.0.0"
      }
    }
  }
}
